// !$*UTF8*$!
{
	archiveVersion = 1;
	classes = {
	};
	objectVersion = 46;
	objects = {

/* Begin PBXBuildFile section */
		A6894AB21B57A517003C9245 /* main.m in Sources */ = {isa = PBXBuildFile; fileRef = A6894AB11B57A517003C9245 /* main.m */; };
		A6894AB51B57A517003C9245 /* AppDelegate.m in Sources */ = {isa = PBXBuildFile; fileRef = A6894AB41B57A517003C9245 /* AppDelegate.m */; };
		A6894ABB1B57A517003C9245 /* Main.storyboard in Resources */ = {isa = PBXBuildFile; fileRef = A6894AB91B57A517003C9245 /* Main.storyboard */; };
		A6894ABD1B57A517003C9245 /* Images.xcassets in Resources */ = {isa = PBXBuildFile; fileRef = A6894ABC1B57A517003C9245 /* Images.xcassets */; };
		A6894AC01B57A517003C9245 /* LaunchScreen.xib in Resources */ = {isa = PBXBuildFile; fileRef = A6894ABE1B57A517003C9245 /* LaunchScreen.xib */; };
		A6894ACC1B57A518003C9245 /* TwitchChatSpeechTests.m in Sources */ = {isa = PBXBuildFile; fileRef = A6894ACB1B57A518003C9245 /* TwitchChatSpeechTests.m */; };
		A6894AD71B57A645003C9245 /* SettingsViewController.m in Sources */ = {isa = PBXBuildFile; fileRef = A6894AD61B57A645003C9245 /* SettingsViewController.m */; };
		A6894ADD1B57A67B003C9245 /* ChatRoomController.m in Sources */ = {isa = PBXBuildFile; fileRef = A6894ADC1B57A67B003C9245 /* ChatRoomController.m */; };
		A6894BCF1B57BF2C003C9245 /* DDLog.m in Sources */ = {isa = PBXBuildFile; fileRef = A6894BCC1B57BF2C003C9245 /* DDLog.m */; };
		A6894BD01B57BF2C003C9245 /* MVDelegateLogger.m in Sources */ = {isa = PBXBuildFile; fileRef = A6894BCE1B57BF2C003C9245 /* MVDelegateLogger.m */; };
		A6894BD71B57BF40003C9245 /* GCDAsyncSocket.m in Sources */ = {isa = PBXBuildFile; fileRef = A6894BD21B57BF40003C9245 /* GCDAsyncSocket.m */; };
		A6894BD81B57BF40003C9245 /* InterThreadMessaging.m in Sources */ = {isa = PBXBuildFile; fileRef = A6894BD41B57BF40003C9245 /* InterThreadMessaging.m */; };
		A6894BD91B57BF40003C9245 /* RegexKitLite.m in Sources */ = {isa = PBXBuildFile; fileRef = A6894BD61B57BF40003C9245 /* RegexKitLite.m */; };
		A6894BE31B57BF62003C9245 /* MVIRCChatConnection.m in Sources */ = {isa = PBXBuildFile; fileRef = A6894BDB1B57BF62003C9245 /* MVIRCChatConnection.m */; };
		A6894BE41B57BF62003C9245 /* MVIRCChatRoom.m in Sources */ = {isa = PBXBuildFile; fileRef = A6894BDD1B57BF62003C9245 /* MVIRCChatRoom.m */; };
		A6894BE51B57BF62003C9245 /* MVIRCChatUser.m in Sources */ = {isa = PBXBuildFile; fileRef = A6894BDF1B57BF62003C9245 /* MVIRCChatUser.m */; };
		A6894BE61B57BF62003C9245 /* MVIRCFileTransfer.m in Sources */ = {isa = PBXBuildFile; fileRef = A6894BE11B57BF62003C9245 /* MVIRCFileTransfer.m */; };
		A6894BFD1B57C022003C9245 /* MVChatConnection.m in Sources */ = {isa = PBXBuildFile; fileRef = A6894BEA1B57C022003C9245 /* MVChatConnection.m */; };
		A6894BFE1B57C022003C9245 /* MVChatRoom.m in Sources */ = {isa = PBXBuildFile; fileRef = A6894BED1B57C022003C9245 /* MVChatRoom.m */; };
		A6894BFF1B57C022003C9245 /* MVChatUser.m in Sources */ = {isa = PBXBuildFile; fileRef = A6894BF11B57C022003C9245 /* MVChatUser.m */; };
		A6894C001B57C022003C9245 /* MVChatUserWatchRule.m in Sources */ = {isa = PBXBuildFile; fileRef = A6894BF41B57C022003C9245 /* MVChatUserWatchRule.m */; };
		A6894C011B57C022003C9245 /* MVDirectChatConnection.m in Sources */ = {isa = PBXBuildFile; fileRef = A6894BF61B57C022003C9245 /* MVDirectChatConnection.m */; };
		A6894C021B57C022003C9245 /* MVDirectClientConnection.m in Sources */ = {isa = PBXBuildFile; fileRef = A6894BF91B57C022003C9245 /* MVDirectClientConnection.m */; };
		A6894C031B57C022003C9245 /* MVFileTransfer.m in Sources */ = {isa = PBXBuildFile; fileRef = A6894BFB1B57C022003C9245 /* MVFileTransfer.m */; };
		A6894C071B57C2DF003C9245 /* Foundation.framework in Frameworks */ = {isa = PBXBuildFile; fileRef = A6894C061B57C2DF003C9245 /* Foundation.framework */; };
		A6894C0A1B57C3EA003C9245 /* CoreFoundation.framework in Frameworks */ = {isa = PBXBuildFile; fileRef = A6894C091B57C3EA003C9245 /* CoreFoundation.framework */; };
/* End PBXBuildFile section */

/* Begin PBXContainerItemProxy section */
		A6894AC61B57A517003C9245 /* PBXContainerItemProxy */ = {
			isa = PBXContainerItemProxy;
			containerPortal = A6894AA41B57A517003C9245 /* Project object */;
			proxyType = 1;
			remoteGlobalIDString = A6894AAB1B57A517003C9245;
			remoteInfo = TwitchChatSpeech;
		};
/* End PBXContainerItemProxy section */

/* Begin PBXFileReference section */
		A6894AAC1B57A517003C9245 /* TwitchChatSpeech.app */ = {isa = PBXFileReference; explicitFileType = wrapper.application; includeInIndex = 0; path = TwitchChatSpeech.app; sourceTree = BUILT_PRODUCTS_DIR; };
		A6894AB01B57A517003C9245 /* Info.plist */ = {isa = PBXFileReference; lastKnownFileType = text.plist.xml; path = Info.plist; sourceTree = "<group>"; };
		A6894AB11B57A517003C9245 /* main.m */ = {isa = PBXFileReference; lastKnownFileType = sourcecode.c.objc; path = main.m; sourceTree = "<group>"; };
		A6894AB31B57A517003C9245 /* AppDelegate.h */ = {isa = PBXFileReference; lastKnownFileType = sourcecode.c.h; path = AppDelegate.h; sourceTree = "<group>"; };
		A6894AB41B57A517003C9245 /* AppDelegate.m */ = {isa = PBXFileReference; lastKnownFileType = sourcecode.c.objc; path = AppDelegate.m; sourceTree = "<group>"; };
		A6894ABA1B57A517003C9245 /* Base */ = {isa = PBXFileReference; lastKnownFileType = file.storyboard; name = Base; path = Base.lproj/Main.storyboard; sourceTree = "<group>"; };
		A6894ABC1B57A517003C9245 /* Images.xcassets */ = {isa = PBXFileReference; lastKnownFileType = folder.assetcatalog; path = Images.xcassets; sourceTree = "<group>"; };
		A6894ABF1B57A517003C9245 /* Base */ = {isa = PBXFileReference; lastKnownFileType = file.xib; name = Base; path = Base.lproj/LaunchScreen.xib; sourceTree = "<group>"; };
		A6894AC51B57A517003C9245 /* TwitchChatSpeechTests.xctest */ = {isa = PBXFileReference; explicitFileType = wrapper.cfbundle; includeInIndex = 0; path = TwitchChatSpeechTests.xctest; sourceTree = BUILT_PRODUCTS_DIR; };
		A6894ACA1B57A518003C9245 /* Info.plist */ = {isa = PBXFileReference; lastKnownFileType = text.plist.xml; path = Info.plist; sourceTree = "<group>"; };
		A6894ACB1B57A518003C9245 /* TwitchChatSpeechTests.m */ = {isa = PBXFileReference; lastKnownFileType = sourcecode.c.objc; path = TwitchChatSpeechTests.m; sourceTree = "<group>"; };
		A6894AD51B57A645003C9245 /* SettingsViewController.h */ = {isa = PBXFileReference; fileEncoding = 4; lastKnownFileType = sourcecode.c.h; path = SettingsViewController.h; sourceTree = "<group>"; };
		A6894AD61B57A645003C9245 /* SettingsViewController.m */ = {isa = PBXFileReference; fileEncoding = 4; lastKnownFileType = sourcecode.c.objc; path = SettingsViewController.m; sourceTree = "<group>"; };
		A6894ADB1B57A67B003C9245 /* ChatRoomController.h */ = {isa = PBXFileReference; fileEncoding = 4; lastKnownFileType = sourcecode.c.h; path = ChatRoomController.h; sourceTree = "<group>"; };
		A6894ADC1B57A67B003C9245 /* ChatRoomController.m */ = {isa = PBXFileReference; fileEncoding = 4; lastKnownFileType = sourcecode.c.objc; path = ChatRoomController.m; sourceTree = "<group>"; };
		A6894BCB1B57BF2C003C9245 /* DDLog.h */ = {isa = PBXFileReference; fileEncoding = 4; lastKnownFileType = sourcecode.c.h; name = DDLog.h; path = ChatCore/Logging/DDLog.h; sourceTree = "<group>"; };
		A6894BCC1B57BF2C003C9245 /* DDLog.m */ = {isa = PBXFileReference; fileEncoding = 4; lastKnownFileType = sourcecode.c.objc; name = DDLog.m; path = ChatCore/Logging/DDLog.m; sourceTree = "<group>"; };
		A6894BCD1B57BF2C003C9245 /* MVDelegateLogger.h */ = {isa = PBXFileReference; fileEncoding = 4; lastKnownFileType = sourcecode.c.h; name = MVDelegateLogger.h; path = ChatCore/Logging/MVDelegateLogger.h; sourceTree = "<group>"; };
		A6894BCE1B57BF2C003C9245 /* MVDelegateLogger.m */ = {isa = PBXFileReference; fileEncoding = 4; lastKnownFileType = sourcecode.c.objc; name = MVDelegateLogger.m; path = ChatCore/Logging/MVDelegateLogger.m; sourceTree = "<group>"; };
		A6894BD11B57BF40003C9245 /* GCDAsyncSocket.h */ = {isa = PBXFileReference; fileEncoding = 4; lastKnownFileType = sourcecode.c.h; name = GCDAsyncSocket.h; path = ChatCore/GCDAsyncSocket.h; sourceTree = "<group>"; };
		A6894BD21B57BF40003C9245 /* GCDAsyncSocket.m */ = {isa = PBXFileReference; fileEncoding = 4; lastKnownFileType = sourcecode.c.objc; name = GCDAsyncSocket.m; path = ChatCore/GCDAsyncSocket.m; sourceTree = "<group>"; };
		A6894BD31B57BF40003C9245 /* InterThreadMessaging.h */ = {isa = PBXFileReference; fileEncoding = 4; lastKnownFileType = sourcecode.c.h; name = InterThreadMessaging.h; path = ChatCore/InterThreadMessaging.h; sourceTree = "<group>"; };
		A6894BD41B57BF40003C9245 /* InterThreadMessaging.m */ = {isa = PBXFileReference; fileEncoding = 4; lastKnownFileType = sourcecode.c.objc; name = InterThreadMessaging.m; path = ChatCore/InterThreadMessaging.m; sourceTree = "<group>"; };
		A6894BD51B57BF40003C9245 /* RegexKitLite.h */ = {isa = PBXFileReference; fileEncoding = 4; lastKnownFileType = sourcecode.c.h; name = RegexKitLite.h; path = ChatCore/RegexKitLite.h; sourceTree = "<group>"; };
		A6894BD61B57BF40003C9245 /* RegexKitLite.m */ = {isa = PBXFileReference; fileEncoding = 4; lastKnownFileType = sourcecode.c.objc; name = RegexKitLite.m; path = ChatCore/RegexKitLite.m; sourceTree = "<group>"; };
		A6894BDA1B57BF62003C9245 /* MVIRCChatConnection.h */ = {isa = PBXFileReference; fileEncoding = 4; lastKnownFileType = sourcecode.c.h; name = MVIRCChatConnection.h; path = ChatCore/MVIRCChatConnection.h; sourceTree = "<group>"; };
		A6894BDB1B57BF62003C9245 /* MVIRCChatConnection.m */ = {isa = PBXFileReference; fileEncoding = 4; lastKnownFileType = sourcecode.c.objc; name = MVIRCChatConnection.m; path = ChatCore/MVIRCChatConnection.m; sourceTree = "<group>"; };
		A6894BDC1B57BF62003C9245 /* MVIRCChatRoom.h */ = {isa = PBXFileReference; fileEncoding = 4; lastKnownFileType = sourcecode.c.h; name = MVIRCChatRoom.h; path = ChatCore/MVIRCChatRoom.h; sourceTree = "<group>"; };
		A6894BDD1B57BF62003C9245 /* MVIRCChatRoom.m */ = {isa = PBXFileReference; fileEncoding = 4; lastKnownFileType = sourcecode.c.objc; name = MVIRCChatRoom.m; path = ChatCore/MVIRCChatRoom.m; sourceTree = "<group>"; };
		A6894BDE1B57BF62003C9245 /* MVIRCChatUser.h */ = {isa = PBXFileReference; fileEncoding = 4; lastKnownFileType = sourcecode.c.h; name = MVIRCChatUser.h; path = ChatCore/MVIRCChatUser.h; sourceTree = "<group>"; };
		A6894BDF1B57BF62003C9245 /* MVIRCChatUser.m */ = {isa = PBXFileReference; fileEncoding = 4; lastKnownFileType = sourcecode.c.objc; name = MVIRCChatUser.m; path = ChatCore/MVIRCChatUser.m; sourceTree = "<group>"; };
		A6894BE01B57BF62003C9245 /* MVIRCFileTransfer.h */ = {isa = PBXFileReference; fileEncoding = 4; lastKnownFileType = sourcecode.c.h; name = MVIRCFileTransfer.h; path = ChatCore/MVIRCFileTransfer.h; sourceTree = "<group>"; };
		A6894BE11B57BF62003C9245 /* MVIRCFileTransfer.m */ = {isa = PBXFileReference; fileEncoding = 4; lastKnownFileType = sourcecode.c.objc; name = MVIRCFileTransfer.m; path = ChatCore/MVIRCFileTransfer.m; sourceTree = "<group>"; };
		A6894BE21B57BF62003C9245 /* MVIRCNumerics.h */ = {isa = PBXFileReference; fileEncoding = 4; lastKnownFileType = sourcecode.c.h; name = MVIRCNumerics.h; path = ChatCore/MVIRCNumerics.h; sourceTree = "<group>"; };
		A6894BE71B57C022003C9245 /* ChatCore.h */ = {isa = PBXFileReference; fileEncoding = 4; lastKnownFileType = sourcecode.c.h; name = ChatCore.h; path = ChatCore/ChatCore.h; sourceTree = "<group>"; };
		A6894BE81B57C022003C9245 /* MVAvailability.h */ = {isa = PBXFileReference; fileEncoding = 4; lastKnownFileType = sourcecode.c.h; name = MVAvailability.h; path = ChatCore/MVAvailability.h; sourceTree = "<group>"; };
		A6894BE91B57C022003C9245 /* MVChatConnection.h */ = {isa = PBXFileReference; fileEncoding = 4; lastKnownFileType = sourcecode.c.h; name = MVChatConnection.h; path = ChatCore/MVChatConnection.h; sourceTree = "<group>"; };
		A6894BEA1B57C022003C9245 /* MVChatConnection.m */ = {isa = PBXFileReference; fileEncoding = 4; lastKnownFileType = sourcecode.c.objc; name = MVChatConnection.m; path = ChatCore/MVChatConnection.m; sourceTree = "<group>"; };
		A6894BEB1B57C022003C9245 /* MVChatConnectionPrivate.h */ = {isa = PBXFileReference; fileEncoding = 4; lastKnownFileType = sourcecode.c.h; name = MVChatConnectionPrivate.h; path = ChatCore/MVChatConnectionPrivate.h; sourceTree = "<group>"; };
		A6894BEC1B57C022003C9245 /* MVChatRoom.h */ = {isa = PBXFileReference; fileEncoding = 4; lastKnownFileType = sourcecode.c.h; name = MVChatRoom.h; path = ChatCore/MVChatRoom.h; sourceTree = "<group>"; };
		A6894BED1B57C022003C9245 /* MVChatRoom.m */ = {isa = PBXFileReference; fileEncoding = 4; lastKnownFileType = sourcecode.c.objc; name = MVChatRoom.m; path = ChatCore/MVChatRoom.m; sourceTree = "<group>"; };
		A6894BEE1B57C022003C9245 /* MVChatRoomPrivate.h */ = {isa = PBXFileReference; fileEncoding = 4; lastKnownFileType = sourcecode.c.h; name = MVChatRoomPrivate.h; path = ChatCore/MVChatRoomPrivate.h; sourceTree = "<group>"; };
		A6894BEF1B57C022003C9245 /* MVChatString.h */ = {isa = PBXFileReference; fileEncoding = 4; lastKnownFileType = sourcecode.c.h; name = MVChatString.h; path = ChatCore/MVChatString.h; sourceTree = "<group>"; };
		A6894BF01B57C022003C9245 /* MVChatUser.h */ = {isa = PBXFileReference; fileEncoding = 4; lastKnownFileType = sourcecode.c.h; name = MVChatUser.h; path = ChatCore/MVChatUser.h; sourceTree = "<group>"; };
		A6894BF11B57C022003C9245 /* MVChatUser.m */ = {isa = PBXFileReference; fileEncoding = 4; lastKnownFileType = sourcecode.c.objc; name = MVChatUser.m; path = ChatCore/MVChatUser.m; sourceTree = "<group>"; };
		A6894BF21B57C022003C9245 /* MVChatUserPrivate.h */ = {isa = PBXFileReference; fileEncoding = 4; lastKnownFileType = sourcecode.c.h; name = MVChatUserPrivate.h; path = ChatCore/MVChatUserPrivate.h; sourceTree = "<group>"; };
		A6894BF31B57C022003C9245 /* MVChatUserWatchRule.h */ = {isa = PBXFileReference; fileEncoding = 4; lastKnownFileType = sourcecode.c.h; name = MVChatUserWatchRule.h; path = ChatCore/MVChatUserWatchRule.h; sourceTree = "<group>"; };
		A6894BF41B57C022003C9245 /* MVChatUserWatchRule.m */ = {isa = PBXFileReference; fileEncoding = 4; lastKnownFileType = sourcecode.c.objc; name = MVChatUserWatchRule.m; path = ChatCore/MVChatUserWatchRule.m; sourceTree = "<group>"; };
		A6894BF51B57C022003C9245 /* MVDirectChatConnection.h */ = {isa = PBXFileReference; fileEncoding = 4; lastKnownFileType = sourcecode.c.h; name = MVDirectChatConnection.h; path = ChatCore/MVDirectChatConnection.h; sourceTree = "<group>"; };
		A6894BF61B57C022003C9245 /* MVDirectChatConnection.m */ = {isa = PBXFileReference; fileEncoding = 4; lastKnownFileType = sourcecode.c.objc; name = MVDirectChatConnection.m; path = ChatCore/MVDirectChatConnection.m; sourceTree = "<group>"; };
		A6894BF71B57C022003C9245 /* MVDirectChatConnectionPrivate.h */ = {isa = PBXFileReference; fileEncoding = 4; lastKnownFileType = sourcecode.c.h; name = MVDirectChatConnectionPrivate.h; path = ChatCore/MVDirectChatConnectionPrivate.h; sourceTree = "<group>"; };
		A6894BF81B57C022003C9245 /* MVDirectClientConnection.h */ = {isa = PBXFileReference; fileEncoding = 4; lastKnownFileType = sourcecode.c.h; name = MVDirectClientConnection.h; path = ChatCore/MVDirectClientConnection.h; sourceTree = "<group>"; };
		A6894BF91B57C022003C9245 /* MVDirectClientConnection.m */ = {isa = PBXFileReference; fileEncoding = 4; lastKnownFileType = sourcecode.c.objc; name = MVDirectClientConnection.m; path = ChatCore/MVDirectClientConnection.m; sourceTree = "<group>"; };
		A6894BFA1B57C022003C9245 /* MVFileTransfer.h */ = {isa = PBXFileReference; fileEncoding = 4; lastKnownFileType = sourcecode.c.h; name = MVFileTransfer.h; path = ChatCore/MVFileTransfer.h; sourceTree = "<group>"; };
		A6894BFB1B57C022003C9245 /* MVFileTransfer.m */ = {isa = PBXFileReference; fileEncoding = 4; lastKnownFileType = sourcecode.c.objc; name = MVFileTransfer.m; path = ChatCore/MVFileTransfer.m; sourceTree = "<group>"; };
		A6894BFC1B57C022003C9245 /* MVFileTransferPrivate.h */ = {isa = PBXFileReference; fileEncoding = 4; lastKnownFileType = sourcecode.c.h; name = MVFileTransferPrivate.h; path = ChatCore/MVFileTransferPrivate.h; sourceTree = "<group>"; };
		A6894C061B57C2DF003C9245 /* Foundation.framework */ = {isa = PBXFileReference; lastKnownFileType = wrapper.framework; name = Foundation.framework; path = System/Library/Frameworks/Foundation.framework; sourceTree = SDKROOT; };
		A6894C091B57C3EA003C9245 /* CoreFoundation.framework */ = {isa = PBXFileReference; lastKnownFileType = wrapper.framework; name = CoreFoundation.framework; path = System/Library/Frameworks/CoreFoundation.framework; sourceTree = SDKROOT; };
/* End PBXFileReference section */

/* Begin PBXFrameworksBuildPhase section */
		A6894AA91B57A517003C9245 /* Frameworks */ = {
			isa = PBXFrameworksBuildPhase;
			buildActionMask = 2147483647;
			files = (
				A6894C0A1B57C3EA003C9245 /* CoreFoundation.framework in Frameworks */,
				A6894C071B57C2DF003C9245 /* Foundation.framework in Frameworks */,
			);
			runOnlyForDeploymentPostprocessing = 0;
		};
		A6894AC21B57A517003C9245 /* Frameworks */ = {
			isa = PBXFrameworksBuildPhase;
			buildActionMask = 2147483647;
			files = (
			);
			runOnlyForDeploymentPostprocessing = 0;
		};
/* End PBXFrameworksBuildPhase section */

/* Begin PBXGroup section */
		A6894AA31B57A517003C9245 = {
			isa = PBXGroup;
			children = (
				A6894C081B57C31C003C9245 /* Frameworks */,
				A6894B9E1B57BD0B003C9245 /* ChatCore */,
				A6894AAE1B57A517003C9245 /* TwitchChatSpeech */,
				A6894AC81B57A517003C9245 /* TwitchChatSpeechTests */,
				A6894AAD1B57A517003C9245 /* Products */,
			);
			sourceTree = "<group>";
		};
		A6894AAD1B57A517003C9245 /* Products */ = {
			isa = PBXGroup;
			children = (
				A6894AAC1B57A517003C9245 /* TwitchChatSpeech.app */,
				A6894AC51B57A517003C9245 /* TwitchChatSpeechTests.xctest */,
			);
			name = Products;
			sourceTree = "<group>";
		};
		A6894AAE1B57A517003C9245 /* TwitchChatSpeech */ = {
			isa = PBXGroup;
			children = (
				A6894AB31B57A517003C9245 /* AppDelegate.h */,
				A6894AB41B57A517003C9245 /* AppDelegate.m */,
				A6894AB91B57A517003C9245 /* Main.storyboard */,
				A6894ABC1B57A517003C9245 /* Images.xcassets */,
				A6894ABE1B57A517003C9245 /* LaunchScreen.xib */,
				A6894AAF1B57A517003C9245 /* Supporting Files */,
				A6894AD51B57A645003C9245 /* SettingsViewController.h */,
				A6894AD61B57A645003C9245 /* SettingsViewController.m */,
				A6894ADB1B57A67B003C9245 /* ChatRoomController.h */,
				A6894ADC1B57A67B003C9245 /* ChatRoomController.m */,
			);
			path = TwitchChatSpeech;
			sourceTree = "<group>";
		};
		A6894AAF1B57A517003C9245 /* Supporting Files */ = {
			isa = PBXGroup;
			children = (
				A6894AB01B57A517003C9245 /* Info.plist */,
				A6894AB11B57A517003C9245 /* main.m */,
			);
			name = "Supporting Files";
			sourceTree = "<group>";
		};
		A6894AC81B57A517003C9245 /* TwitchChatSpeechTests */ = {
			isa = PBXGroup;
			children = (
				A6894ACB1B57A518003C9245 /* TwitchChatSpeechTests.m */,
				A6894AC91B57A518003C9245 /* Supporting Files */,
			);
			path = TwitchChatSpeechTests;
			sourceTree = "<group>";
		};
		A6894AC91B57A518003C9245 /* Supporting Files */ = {
			isa = PBXGroup;
			children = (
				A6894ACA1B57A518003C9245 /* Info.plist */,
			);
			name = "Supporting Files";
			sourceTree = "<group>";
		};
		A6894B9E1B57BD0B003C9245 /* ChatCore */ = {
			isa = PBXGroup;
			children = (
				A6894BBE1B57BE37003C9245 /* IRC Support */,
				A6894BBD1B57BE29003C9245 /* Utility Classes */,
				A6894BBC1B57BE1B003C9245 /* Logging */,
				A6894BE71B57C022003C9245 /* ChatCore.h */,
				A6894BE81B57C022003C9245 /* MVAvailability.h */,
				A6894BE91B57C022003C9245 /* MVChatConnection.h */,
				A6894BEA1B57C022003C9245 /* MVChatConnection.m */,
				A6894BEB1B57C022003C9245 /* MVChatConnectionPrivate.h */,
				A6894BEC1B57C022003C9245 /* MVChatRoom.h */,
				A6894BED1B57C022003C9245 /* MVChatRoom.m */,
				A6894BEE1B57C022003C9245 /* MVChatRoomPrivate.h */,
				A6894BEF1B57C022003C9245 /* MVChatString.h */,
				A6894BF01B57C022003C9245 /* MVChatUser.h */,
				A6894BF11B57C022003C9245 /* MVChatUser.m */,
				A6894BF21B57C022003C9245 /* MVChatUserPrivate.h */,
				A6894BF31B57C022003C9245 /* MVChatUserWatchRule.h */,
				A6894BF41B57C022003C9245 /* MVChatUserWatchRule.m */,
				A6894BF51B57C022003C9245 /* MVDirectChatConnection.h */,
				A6894BF61B57C022003C9245 /* MVDirectChatConnection.m */,
				A6894BF71B57C022003C9245 /* MVDirectChatConnectionPrivate.h */,
				A6894BF81B57C022003C9245 /* MVDirectClientConnection.h */,
				A6894BF91B57C022003C9245 /* MVDirectClientConnection.m */,
				A6894BFA1B57C022003C9245 /* MVFileTransfer.h */,
				A6894BFB1B57C022003C9245 /* MVFileTransfer.m */,
				A6894BFC1B57C022003C9245 /* MVFileTransferPrivate.h */,
			);
			name = ChatCore;
			sourceTree = "<group>";
		};
		A6894BBC1B57BE1B003C9245 /* Logging */ = {
			isa = PBXGroup;
			children = (
				A6894BCB1B57BF2C003C9245 /* DDLog.h */,
				A6894BCC1B57BF2C003C9245 /* DDLog.m */,
				A6894BCD1B57BF2C003C9245 /* MVDelegateLogger.h */,
				A6894BCE1B57BF2C003C9245 /* MVDelegateLogger.m */,
			);
			name = Logging;
			sourceTree = "<group>";
		};
		A6894BBD1B57BE29003C9245 /* Utility Classes */ = {
			isa = PBXGroup;
			children = (
				A6894BD11B57BF40003C9245 /* GCDAsyncSocket.h */,
				A6894BD21B57BF40003C9245 /* GCDAsyncSocket.m */,
				A6894BD31B57BF40003C9245 /* InterThreadMessaging.h */,
				A6894BD41B57BF40003C9245 /* InterThreadMessaging.m */,
				A6894BD51B57BF40003C9245 /* RegexKitLite.h */,
				A6894BD61B57BF40003C9245 /* RegexKitLite.m */,
			);
			name = "Utility Classes";
			sourceTree = "<group>";
		};
		A6894BBE1B57BE37003C9245 /* IRC Support */ = {
			isa = PBXGroup;
			children = (
				A6894BDA1B57BF62003C9245 /* MVIRCChatConnection.h */,
				A6894BDB1B57BF62003C9245 /* MVIRCChatConnection.m */,
				A6894BDC1B57BF62003C9245 /* MVIRCChatRoom.h */,
				A6894BDD1B57BF62003C9245 /* MVIRCChatRoom.m */,
				A6894BDE1B57BF62003C9245 /* MVIRCChatUser.h */,
				A6894BDF1B57BF62003C9245 /* MVIRCChatUser.m */,
				A6894BE01B57BF62003C9245 /* MVIRCFileTransfer.h */,
				A6894BE11B57BF62003C9245 /* MVIRCFileTransfer.m */,
				A6894BE21B57BF62003C9245 /* MVIRCNumerics.h */,
			);
			name = "IRC Support";
			sourceTree = "<group>";
		};
		A6894C081B57C31C003C9245 /* Frameworks */ = {
			isa = PBXGroup;
			children = (
				A6894C091B57C3EA003C9245 /* CoreFoundation.framework */,
				A6894C061B57C2DF003C9245 /* Foundation.framework */,
			);
			name = Frameworks;
			sourceTree = "<group>";
		};
/* End PBXGroup section */

/* Begin PBXNativeTarget section */
		A6894AAB1B57A517003C9245 /* TwitchChatSpeech */ = {
			isa = PBXNativeTarget;
			buildConfigurationList = A6894ACF1B57A518003C9245 /* Build configuration list for PBXNativeTarget "TwitchChatSpeech" */;
			buildPhases = (
				A6894AA81B57A517003C9245 /* Sources */,
				A6894AA91B57A517003C9245 /* Frameworks */,
				A6894AAA1B57A517003C9245 /* Resources */,
			);
			buildRules = (
			);
			dependencies = (
			);
			name = TwitchChatSpeech;
			productName = TwitchChatSpeech;
			productReference = A6894AAC1B57A517003C9245 /* TwitchChatSpeech.app */;
			productType = "com.apple.product-type.application";
		};
		A6894AC41B57A517003C9245 /* TwitchChatSpeechTests */ = {
			isa = PBXNativeTarget;
			buildConfigurationList = A6894AD21B57A518003C9245 /* Build configuration list for PBXNativeTarget "TwitchChatSpeechTests" */;
			buildPhases = (
				A6894AC11B57A517003C9245 /* Sources */,
				A6894AC21B57A517003C9245 /* Frameworks */,
				A6894AC31B57A517003C9245 /* Resources */,
			);
			buildRules = (
			);
			dependencies = (
				A6894AC71B57A517003C9245 /* PBXTargetDependency */,
			);
			name = TwitchChatSpeechTests;
			productName = TwitchChatSpeechTests;
			productReference = A6894AC51B57A517003C9245 /* TwitchChatSpeechTests.xctest */;
			productType = "com.apple.product-type.bundle.unit-test";
		};
/* End PBXNativeTarget section */

/* Begin PBXProject section */
		A6894AA41B57A517003C9245 /* Project object */ = {
			isa = PBXProject;
			attributes = {
				LastUpgradeCheck = 0640;
				ORGANIZATIONNAME = "Soichiro Yoshimura";
				TargetAttributes = {
					A6894AAB1B57A517003C9245 = {
						CreatedOnToolsVersion = 6.4;
					};
					A6894AC41B57A517003C9245 = {
						CreatedOnToolsVersion = 6.4;
						TestTargetID = A6894AAB1B57A517003C9245;
					};
				};
			};
			buildConfigurationList = A6894AA71B57A517003C9245 /* Build configuration list for PBXProject "TwitchChatSpeech" */;
			compatibilityVersion = "Xcode 3.2";
			developmentRegion = English;
			hasScannedForEncodings = 0;
			knownRegions = (
				en,
				Base,
			);
			mainGroup = A6894AA31B57A517003C9245;
			productRefGroup = A6894AAD1B57A517003C9245 /* Products */;
			projectDirPath = "";
			projectRoot = "";
			targets = (
				A6894AAB1B57A517003C9245 /* TwitchChatSpeech */,
				A6894AC41B57A517003C9245 /* TwitchChatSpeechTests */,
			);
		};
/* End PBXProject section */

/* Begin PBXResourcesBuildPhase section */
		A6894AAA1B57A517003C9245 /* Resources */ = {
			isa = PBXResourcesBuildPhase;
			buildActionMask = 2147483647;
			files = (
				A6894ABB1B57A517003C9245 /* Main.storyboard in Resources */,
				A6894AC01B57A517003C9245 /* LaunchScreen.xib in Resources */,
				A6894ABD1B57A517003C9245 /* Images.xcassets in Resources */,
			);
			runOnlyForDeploymentPostprocessing = 0;
		};
		A6894AC31B57A517003C9245 /* Resources */ = {
			isa = PBXResourcesBuildPhase;
			buildActionMask = 2147483647;
			files = (
			);
			runOnlyForDeploymentPostprocessing = 0;
		};
/* End PBXResourcesBuildPhase section */

/* Begin PBXSourcesBuildPhase section */
		A6894AA81B57A517003C9245 /* Sources */ = {
			isa = PBXSourcesBuildPhase;
			buildActionMask = 2147483647;
			files = (
				A6894BD91B57BF40003C9245 /* RegexKitLite.m in Sources */,
				A6894BCF1B57BF2C003C9245 /* DDLog.m in Sources */,
				A6894BE51B57BF62003C9245 /* MVIRCChatUser.m in Sources */,
				A6894BD81B57BF40003C9245 /* InterThreadMessaging.m in Sources */,
				A6894ADD1B57A67B003C9245 /* ChatRoomController.m in Sources */,
				A6894AD71B57A645003C9245 /* SettingsViewController.m in Sources */,
				A6894C001B57C022003C9245 /* MVChatUserWatchRule.m in Sources */,
				A6894C011B57C022003C9245 /* MVDirectChatConnection.m in Sources */,
				A6894BD01B57BF2C003C9245 /* MVDelegateLogger.m in Sources */,
				A6894BE61B57BF62003C9245 /* MVIRCFileTransfer.m in Sources */,
				A6894BFD1B57C022003C9245 /* MVChatConnection.m in Sources */,
				A6894C031B57C022003C9245 /* MVFileTransfer.m in Sources */,
				A6894BFF1B57C022003C9245 /* MVChatUser.m in Sources */,
				A6894BFE1B57C022003C9245 /* MVChatRoom.m in Sources */,
				A6894BE41B57BF62003C9245 /* MVIRCChatRoom.m in Sources */,
				A6894C021B57C022003C9245 /* MVDirectClientConnection.m in Sources */,
				A6894AB51B57A517003C9245 /* AppDelegate.m in Sources */,
				A6894BD71B57BF40003C9245 /* GCDAsyncSocket.m in Sources */,
				A6894AB21B57A517003C9245 /* main.m in Sources */,
				A6894BE31B57BF62003C9245 /* MVIRCChatConnection.m in Sources */,
			);
			runOnlyForDeploymentPostprocessing = 0;
		};
		A6894AC11B57A517003C9245 /* Sources */ = {
			isa = PBXSourcesBuildPhase;
			buildActionMask = 2147483647;
			files = (
				A6894ACC1B57A518003C9245 /* TwitchChatSpeechTests.m in Sources */,
			);
			runOnlyForDeploymentPostprocessing = 0;
		};
/* End PBXSourcesBuildPhase section */

/* Begin PBXTargetDependency section */
		A6894AC71B57A517003C9245 /* PBXTargetDependency */ = {
			isa = PBXTargetDependency;
			target = A6894AAB1B57A517003C9245 /* TwitchChatSpeech */;
			targetProxy = A6894AC61B57A517003C9245 /* PBXContainerItemProxy */;
		};
/* End PBXTargetDependency section */

/* Begin PBXVariantGroup section */
		A6894AB91B57A517003C9245 /* Main.storyboard */ = {
			isa = PBXVariantGroup;
			children = (
				A6894ABA1B57A517003C9245 /* Base */,
			);
			name = Main.storyboard;
			sourceTree = "<group>";
		};
		A6894ABE1B57A517003C9245 /* LaunchScreen.xib */ = {
			isa = PBXVariantGroup;
			children = (
				A6894ABF1B57A517003C9245 /* Base */,
			);
			name = LaunchScreen.xib;
			sourceTree = "<group>";
		};
/* End PBXVariantGroup section */

/* Begin XCBuildConfiguration section */
		A6894ACD1B57A518003C9245 /* Debug */ = {
			isa = XCBuildConfiguration;
			buildSettings = {
				ALWAYS_SEARCH_USER_PATHS = NO;
				CLANG_CXX_LANGUAGE_STANDARD = "gnu++0x";
				CLANG_CXX_LIBRARY = "libc++";
				CLANG_ENABLE_MODULES = YES;
				CLANG_ENABLE_OBJC_ARC = YES;
				CLANG_WARN_BOOL_CONVERSION = YES;
				CLANG_WARN_CONSTANT_CONVERSION = YES;
				CLANG_WARN_DIRECT_OBJC_ISA_USAGE = YES_ERROR;
				CLANG_WARN_EMPTY_BODY = YES;
				CLANG_WARN_ENUM_CONVERSION = YES;
				CLANG_WARN_INT_CONVERSION = YES;
				CLANG_WARN_OBJC_ROOT_CLASS = YES_ERROR;
				CLANG_WARN_UNREACHABLE_CODE = YES;
				CLANG_WARN__DUPLICATE_METHOD_MATCH = YES;
				"CODE_SIGN_IDENTITY[sdk=iphoneos*]" = "iPhone Developer";
				COPY_PHASE_STRIP = NO;
				DEBUG_INFORMATION_FORMAT = "dwarf-with-dsym";
				ENABLE_STRICT_OBJC_MSGSEND = YES;
				GCC_C_LANGUAGE_STANDARD = gnu99;
				GCC_DYNAMIC_NO_PIC = NO;
				GCC_NO_COMMON_BLOCKS = YES;
				GCC_OPTIMIZATION_LEVEL = 0;
				GCC_PREPROCESSOR_DEFINITIONS = (
					"DEBUG=1",
					"$(inherited)",
				);
				GCC_SYMBOLS_PRIVATE_EXTERN = NO;
				GCC_WARN_64_TO_32_BIT_CONVERSION = YES;
				GCC_WARN_ABOUT_RETURN_TYPE = YES_ERROR;
				GCC_WARN_UNDECLARED_SELECTOR = YES;
				GCC_WARN_UNINITIALIZED_AUTOS = YES_AGGRESSIVE;
				GCC_WARN_UNUSED_FUNCTION = YES;
				GCC_WARN_UNUSED_VARIABLE = YES;
				IPHONEOS_DEPLOYMENT_TARGET = 8.4;
				MTL_ENABLE_DEBUG_INFO = YES;
				ONLY_ACTIVE_ARCH = YES;
				SDKROOT = iphoneos;
				TARGETED_DEVICE_FAMILY = "1,2";
			};
			name = Debug;
		};
		A6894ACE1B57A518003C9245 /* Release */ = {
			isa = XCBuildConfiguration;
			buildSettings = {
				ALWAYS_SEARCH_USER_PATHS = NO;
				CLANG_CXX_LANGUAGE_STANDARD = "gnu++0x";
				CLANG_CXX_LIBRARY = "libc++";
				CLANG_ENABLE_MODULES = YES;
				CLANG_ENABLE_OBJC_ARC = YES;
				CLANG_WARN_BOOL_CONVERSION = YES;
				CLANG_WARN_CONSTANT_CONVERSION = YES;
				CLANG_WARN_DIRECT_OBJC_ISA_USAGE = YES_ERROR;
				CLANG_WARN_EMPTY_BODY = YES;
				CLANG_WARN_ENUM_CONVERSION = YES;
				CLANG_WARN_INT_CONVERSION = YES;
				CLANG_WARN_OBJC_ROOT_CLASS = YES_ERROR;
				CLANG_WARN_UNREACHABLE_CODE = YES;
				CLANG_WARN__DUPLICATE_METHOD_MATCH = YES;
				"CODE_SIGN_IDENTITY[sdk=iphoneos*]" = "iPhone Developer";
				COPY_PHASE_STRIP = NO;
				DEBUG_INFORMATION_FORMAT = "dwarf-with-dsym";
				ENABLE_NS_ASSERTIONS = NO;
				ENABLE_STRICT_OBJC_MSGSEND = YES;
				GCC_C_LANGUAGE_STANDARD = gnu99;
				GCC_NO_COMMON_BLOCKS = YES;
				GCC_WARN_64_TO_32_BIT_CONVERSION = YES;
				GCC_WARN_ABOUT_RETURN_TYPE = YES_ERROR;
				GCC_WARN_UNDECLARED_SELECTOR = YES;
				GCC_WARN_UNINITIALIZED_AUTOS = YES_AGGRESSIVE;
				GCC_WARN_UNUSED_FUNCTION = YES;
				GCC_WARN_UNUSED_VARIABLE = YES;
				IPHONEOS_DEPLOYMENT_TARGET = 8.4;
				MTL_ENABLE_DEBUG_INFO = NO;
				SDKROOT = iphoneos;
				TARGETED_DEVICE_FAMILY = "1,2";
				VALIDATE_PRODUCT = YES;
			};
			name = Release;
		};
		A6894AD01B57A518003C9245 /* Debug */ = {
			isa = XCBuildConfiguration;
			buildSettings = {
				ASSETCATALOG_COMPILER_APPICON_NAME = AppIcon;
				INFOPLIST_FILE = TwitchChatSpeech/Info.plist;
				LD_RUNPATH_SEARCH_PATHS = "$(inherited) @executable_path/Frameworks";
				PRODUCT_NAME = "$(TARGET_NAME)";
			};
			name = Debug;
		};
		A6894AD11B57A518003C9245 /* Release */ = {
			isa = XCBuildConfiguration;
			buildSettings = {
				ASSETCATALOG_COMPILER_APPICON_NAME = AppIcon;
				INFOPLIST_FILE = TwitchChatSpeech/Info.plist;
				LD_RUNPATH_SEARCH_PATHS = "$(inherited) @executable_path/Frameworks";
				PRODUCT_NAME = "$(TARGET_NAME)";
			};
			name = Release;
		};
		A6894AD31B57A518003C9245 /* Debug */ = {
			isa = XCBuildConfiguration;
			buildSettings = {
				BUNDLE_LOADER = "$(TEST_HOST)";
				FRAMEWORK_SEARCH_PATHS = (
					"$(SDKROOT)/Developer/Library/Frameworks",
					"$(inherited)",
				);
				GCC_PREPROCESSOR_DEFINITIONS = (
					"DEBUG=1",
					"$(inherited)",
				);
				INFOPLIST_FILE = TwitchChatSpeechTests/Info.plist;
				LD_RUNPATH_SEARCH_PATHS = "$(inherited) @executable_path/Frameworks @loader_path/Frameworks";
				PRODUCT_NAME = "$(TARGET_NAME)";
				TEST_HOST = "$(BUILT_PRODUCTS_DIR)/TwitchChatSpeech.app/TwitchChatSpeech";
			};
			name = Debug;
		};
		A6894AD41B57A518003C9245 /* Release */ = {
			isa = XCBuildConfiguration;
			buildSettings = {
				BUNDLE_LOADER = "$(TEST_HOST)";
				FRAMEWORK_SEARCH_PATHS = (
					"$(SDKROOT)/Developer/Library/Frameworks",
					"$(inherited)",
				);
				INFOPLIST_FILE = TwitchChatSpeechTests/Info.plist;
				LD_RUNPATH_SEARCH_PATHS = "$(inherited) @executable_path/Frameworks @loader_path/Frameworks";
				PRODUCT_NAME = "$(TARGET_NAME)";
				TEST_HOST = "$(BUILT_PRODUCTS_DIR)/TwitchChatSpeech.app/TwitchChatSpeech";
			};
			name = Release;
		};
/* End XCBuildConfiguration section */

/* Begin XCConfigurationList section */
		A6894AA71B57A517003C9245 /* Build configuration list for PBXProject "TwitchChatSpeech" */ = {
			isa = XCConfigurationList;
			buildConfigurations = (
				A6894ACD1B57A518003C9245 /* Debug */,
				A6894ACE1B57A518003C9245 /* Release */,
			);
			defaultConfigurationIsVisible = 0;
			defaultConfigurationName = Release;
		};
		A6894ACF1B57A518003C9245 /* Build configuration list for PBXNativeTarget "TwitchChatSpeech" */ = {
			isa = XCConfigurationList;
			buildConfigurations = (
				A6894AD01B57A518003C9245 /* Debug */,
				A6894AD11B57A518003C9245 /* Release */,
			);
			defaultConfigurationIsVisible = 0;
		};
		A6894AD21B57A518003C9245 /* Build configuration list for PBXNativeTarget "TwitchChatSpeechTests" */ = {
			isa = XCConfigurationList;
			buildConfigurations = (
				A6894AD31B57A518003C9245 /* Debug */,
				A6894AD41B57A518003C9245 /* Release */,
			);
			defaultConfigurationIsVisible = 0;
		};
/* End XCConfigurationList section */
	};
	rootObject = A6894AA41B57A517003C9245 /* Project object */;
}
